
Microsoft Visual Studio Solution File, Format Version 12.00
# Visual Studio Version 16
VisualStudioVersion = 16.0.34902.97
MinimumVisualStudioVersion = 10.0.40219.1
Project("{B1E792BE-AA5F-4E3C-8C82-674BF9C0715B}") = "TcRukig", "TcRukig\TcRukig.tsproj", "{5F28D939-C54D-4570-B4F8-B6F87653D0D6}"
EndProject
Global
	GlobalSection(SolutionConfigurationPlatforms) = preSolution
		Debug|TwinCAT CE7 (ARMV7) = Debug|TwinCAT CE7 (ARMV7)
		Debug|TwinCAT OS (ARMT2) = Debug|TwinCAT OS (ARMT2)
		Debug|TwinCAT OS (x64) = Debug|TwinCAT OS (x64)
		Debug|TwinCAT RT (x64) = Debug|TwinCAT RT (x64)
		Debug|TwinCAT RT (x86) = Debug|TwinCAT RT (x86)
		Debug|TwinCAT UM (x64) = Debug|TwinCAT UM (x64)
		Debug|TwinCAT UM (x86) = Debug|TwinCAT UM (x86)
		Release|TwinCAT CE7 (ARMV7) = Release|TwinCAT CE7 (ARMV7)
		Release|TwinCAT OS (ARMT2) = Release|TwinCAT OS (ARMT2)
		Release|TwinCAT OS (x64) = Release|TwinCAT OS (x64)
		Release|TwinCAT RT (x64) = Release|TwinCAT RT (x64)
		Release|TwinCAT RT (x86) = Release|TwinCAT RT (x86)
		Release|TwinCAT UM (x64) = Release|TwinCAT UM (x64)
		Release|TwinCAT UM (x86) = Release|TwinCAT UM (x86)
	EndGlobalSection
	GlobalSection(ProjectDependencies) = postSolution
		{A5E608B4-4E8F-43D9-AFA2-CE51DF583C4A}.0 = {23378F3D-BD6E-4F7D-9ACF-A7044F1BD06A}
	EndGlobalSection
	GlobalSection(ProjectConfigurationPlatforms) = postSolution
		{5F28D939-C54D-4570-B4F8-B6F87653D0D6}.Debug|TwinCAT CE7 (ARMV7).ActiveCfg = Debug|TwinCAT CE7 (ARMV7)
		{5F28D939-C54D-4570-B4F8-B6F87653D0D6}.Debug|TwinCAT CE7 (ARMV7).Build.0 = Debug|TwinCAT CE7 (ARMV7)
		{5F28D939-C54D-4570-B4F8-B6F87653D0D6}.Debug|TwinCAT OS (ARMT2).ActiveCfg = Debug|TwinCAT OS (ARMT2)
		{5F28D939-C54D-4570-B4F8-B6F87653D0D6}.Debug|TwinCAT OS (ARMT2).Build.0 = Debug|TwinCAT OS (ARMT2)
		{5F28D939-C54D-4570-B4F8-B6F87653D0D6}.Debug|TwinCAT OS (x64).ActiveCfg = Debug|TwinCAT RT (x64)
		{5F28D939-C54D-4570-B4F8-B6F87653D0D6}.Debug|TwinCAT OS (x64).Build.0 = Debug|TwinCAT RT (x64)
		{5F28D939-C54D-4570-B4F8-B6F87653D0D6}.Debug|TwinCAT RT (x64).ActiveCfg = Debug|TwinCAT RT (x64)
		{5F28D939-C54D-4570-B4F8-B6F87653D0D6}.Debug|TwinCAT RT (x64).Build.0 = Debug|TwinCAT RT (x64)
		{5F28D939-C54D-4570-B4F8-B6F87653D0D6}.Debug|TwinCAT RT (x86).ActiveCfg = Debug|TwinCAT RT (x86)
		{5F28D939-C54D-4570-B4F8-B6F87653D0D6}.Debug|TwinCAT RT (x86).Build.0 = Debug|TwinCAT RT (x86)
		{5F28D939-C54D-4570-B4F8-B6F87653D0D6}.Debug|TwinCAT UM (x64).ActiveCfg = Debug|TwinCAT RT (x64)
		{5F28D939-C54D-4570-B4F8-B6F87653D0D6}.Debug|TwinCAT UM (x64).Build.0 = Debug|TwinCAT RT (x64)
		{5F28D939-C54D-4570-B4F8-B6F87653D0D6}.Debug|TwinCAT UM (x86).ActiveCfg = Debug|TwinCAT RT (x86)
		{5F28D939-C54D-4570-B4F8-B6F87653D0D6}.Release|TwinCAT CE7 (ARMV7).ActiveCfg = Release|TwinCAT CE7 (ARMV7)
		{5F28D939-C54D-4570-B4F8-B6F87653D0D6}.Release|TwinCAT CE7 (ARMV7).Build.0 = Release|TwinCAT CE7 (ARMV7)
		{5F28D939-C54D-4570-B4F8-B6F87653D0D6}.Release|TwinCAT OS (ARMT2).ActiveCfg = Release|TwinCAT OS (ARMT2)
		{5F28D939-C54D-4570-B4F8-B6F87653D0D6}.Release|TwinCAT OS (ARMT2).Build.0 = Release|TwinCAT OS (ARMT2)
		{5F28D939-C54D-4570-B4F8-B6F87653D0D6}.Release|TwinCAT OS (x64).ActiveCfg = Release|TwinCAT RT (x64)
		{5F28D939-C54D-4570-B4F8-B6F87653D0D6}.Release|TwinCAT OS (x64).Build.0 = Release|TwinCAT RT (x64)
		{5F28D939-C54D-4570-B4F8-B6F87653D0D6}.Release|TwinCAT RT (x64).ActiveCfg = Release|TwinCAT RT (x64)
		{5F28D939-C54D-4570-B4F8-B6F87653D0D6}.Release|TwinCAT RT (x64).Build.0 = Release|TwinCAT RT (x64)
		{5F28D939-C54D-4570-B4F8-B6F87653D0D6}.Release|TwinCAT RT (x86).ActiveCfg = Release|TwinCAT RT (x86)
		{5F28D939-C54D-4570-B4F8-B6F87653D0D6}.Release|TwinCAT RT (x86).Build.0 = Release|TwinCAT RT (x86)
		{5F28D939-C54D-4570-B4F8-B6F87653D0D6}.Release|TwinCAT UM (x64).ActiveCfg = Release|TwinCAT RT (x64)
		{5F28D939-C54D-4570-B4F8-B6F87653D0D6}.Release|TwinCAT UM (x64).Build.0 = Release|TwinCAT RT (x64)
		{5F28D939-C54D-4570-B4F8-B6F87653D0D6}.Release|TwinCAT UM (x86).ActiveCfg = Release|TwinCAT RT (x86)
		{A5E608B4-4E8F-43D9-AFA2-CE51DF583C4A}.Debug|TwinCAT CE7 (ARMV7).ActiveCfg = Debug|TwinCAT UM (x64)
		{A5E608B4-4E8F-43D9-AFA2-CE51DF583C4A}.Debug|TwinCAT OS (ARMT2).ActiveCfg = Debug|TwinCAT OS (x64)
		{A5E608B4-4E8F-43D9-AFA2-CE51DF583C4A}.Debug|TwinCAT OS (x64).ActiveCfg = Debug|TwinCAT OS (x64)
		{A5E608B4-4E8F-43D9-AFA2-CE51DF583C4A}.Debug|TwinCAT OS (x64).Build.0 = Debug|TwinCAT OS (x64)
		{A5E608B4-4E8F-43D9-AFA2-CE51DF583C4A}.Debug|TwinCAT RT (x64).ActiveCfg = Debug|TwinCAT RT (x64)
		{A5E608B4-4E8F-43D9-AFA2-CE51DF583C4A}.Debug|TwinCAT RT (x64).Build.0 = Debug|TwinCAT RT (x64)
		{A5E608B4-4E8F-43D9-AFA2-CE51DF583C4A}.Debug|TwinCAT RT (x86).ActiveCfg = Debug|TwinCAT RT (x86)
		{A5E608B4-4E8F-43D9-AFA2-CE51DF583C4A}.Debug|TwinCAT RT (x86).Build.0 = Debug|TwinCAT RT (x86)
		{A5E608B4-4E8F-43D9-AFA2-CE51DF583C4A}.Debug|TwinCAT UM (x64).ActiveCfg = Debug|TwinCAT UM (x64)
		{A5E608B4-4E8F-43D9-AFA2-CE51DF583C4A}.Debug|TwinCAT UM (x64).Build.0 = Debug|TwinCAT UM (x64)
		{A5E608B4-4E8F-43D9-AFA2-CE51DF583C4A}.Debug|TwinCAT UM (x86).ActiveCfg = Debug|TwinCAT UM (x86)
		{A5E608B4-4E8F-43D9-AFA2-CE51DF583C4A}.Debug|TwinCAT UM (x86).Build.0 = Debug|TwinCAT UM (x86)
		{A5E608B4-4E8F-43D9-AFA2-CE51DF583C4A}.Release|TwinCAT CE7 (ARMV7).ActiveCfg = Release|TwinCAT OS (x64)
		{A5E608B4-4E8F-43D9-AFA2-CE51DF583C4A}.Release|TwinCAT OS (ARMT2).ActiveCfg = Release|TwinCAT OS (x64)
		{A5E608B4-4E8F-43D9-AFA2-CE51DF583C4A}.Release|TwinCAT OS (x64).ActiveCfg = Release|TwinCAT OS (x64)
		{A5E608B4-4E8F-43D9-AFA2-CE51DF583C4A}.Release|TwinCAT OS (x64).Build.0 = Release|TwinCAT OS (x64)
		{A5E608B4-4E8F-43D9-AFA2-CE51DF583C4A}.Release|TwinCAT RT (x64).ActiveCfg = Release|TwinCAT RT (x64)
		{A5E608B4-4E8F-43D9-AFA2-CE51DF583C4A}.Release|TwinCAT RT (x64).Build.0 = Release|TwinCAT RT (x64)
		{A5E608B4-4E8F-43D9-AFA2-CE51DF583C4A}.Release|TwinCAT RT (x86).ActiveCfg = Release|TwinCAT RT (x86)
		{A5E608B4-4E8F-43D9-AFA2-CE51DF583C4A}.Release|TwinCAT RT (x86).Build.0 = Release|TwinCAT RT (x86)
		{A5E608B4-4E8F-43D9-AFA2-CE51DF583C4A}.Release|TwinCAT UM (x64).ActiveCfg = Release|TwinCAT UM (x64)
		{A5E608B4-4E8F-43D9-AFA2-CE51DF583C4A}.Release|TwinCAT UM (x64).Build.0 = Release|TwinCAT UM (x64)
		{A5E608B4-4E8F-43D9-AFA2-CE51DF583C4A}.Release|TwinCAT UM (x86).ActiveCfg = Release|TwinCAT UM (x86)
		{A5E608B4-4E8F-43D9-AFA2-CE51DF583C4A}.Release|TwinCAT UM (x86).Build.0 = Release|TwinCAT UM (x86)
		{23378F3D-BD6E-4F7D-9ACF-A7044F1BD06A}.Debug|TwinCAT CE7 (ARMV7).ActiveCfg = Debug|TwinCAT UM (x64)
		{23378F3D-BD6E-4F7D-9ACF-A7044F1BD06A}.Debug|TwinCAT OS (ARMT2).ActiveCfg = Debug|TwinCAT OS (x64)
		{23378F3D-BD6E-4F7D-9ACF-A7044F1BD06A}.Debug|TwinCAT OS (x64).ActiveCfg = Debug|TwinCAT OS (x64)
		{23378F3D-BD6E-4F7D-9ACF-A7044F1BD06A}.Debug|TwinCAT OS (x64).Build.0 = Debug|TwinCAT OS (x64)
		{23378F3D-BD6E-4F7D-9ACF-A7044F1BD06A}.Debug|TwinCAT RT (x64).ActiveCfg = Debug|TwinCAT RT (x64)
		{23378F3D-BD6E-4F7D-9ACF-A7044F1BD06A}.Debug|TwinCAT RT (x64).Build.0 = Debug|TwinCAT RT (x64)
		{23378F3D-BD6E-4F7D-9ACF-A7044F1BD06A}.Debug|TwinCAT RT (x86).ActiveCfg = Debug|TwinCAT RT (x86)
		{23378F3D-BD6E-4F7D-9ACF-A7044F1BD06A}.Debug|TwinCAT RT (x86).Build.0 = Debug|TwinCAT RT (x86)
		{23378F3D-BD6E-4F7D-9ACF-A7044F1BD06A}.Debug|TwinCAT UM (x64).ActiveCfg = Debug|TwinCAT UM (x64)
		{23378F3D-BD6E-4F7D-9ACF-A7044F1BD06A}.Debug|TwinCAT UM (x64).Build.0 = Debug|TwinCAT UM (x64)
		{23378F3D-BD6E-4F7D-9ACF-A7044F1BD06A}.Debug|TwinCAT UM (x86).ActiveCfg = Debug|TwinCAT UM (x86)
		{23378F3D-BD6E-4F7D-9ACF-A7044F1BD06A}.Debug|TwinCAT UM (x86).Build.0 = Debug|TwinCAT UM (x86)
		{23378F3D-BD6E-4F7D-9ACF-A7044F1BD06A}.Release|TwinCAT CE7 (ARMV7).ActiveCfg = Release|TwinCAT OS (x64)
		{23378F3D-BD6E-4F7D-9ACF-A7044F1BD06A}.Release|TwinCAT OS (ARMT2).ActiveCfg = Release|TwinCAT OS (x64)
		{23378F3D-BD6E-4F7D-9ACF-A7044F1BD06A}.Release|TwinCAT OS (x64).ActiveCfg = Release|TwinCAT OS (x64)
		{23378F3D-BD6E-4F7D-9ACF-A7044F1BD06A}.Release|TwinCAT OS (x64).Build.0 = Release|TwinCAT OS (x64)
		{23378F3D-BD6E-4F7D-9ACF-A7044F1BD06A}.Release|TwinCAT RT (x64).ActiveCfg = Release|TwinCAT RT (x64)
		{23378F3D-BD6E-4F7D-9ACF-A7044F1BD06A}.Release|TwinCAT RT (x64).Build.0 = Release|TwinCAT RT (x64)
		{23378F3D-BD6E-4F7D-9ACF-A7044F1BD06A}.Release|TwinCAT RT (x86).ActiveCfg = Release|TwinCAT RT (x86)
		{23378F3D-BD6E-4F7D-9ACF-A7044F1BD06A}.Release|TwinCAT RT (x86).Build.0 = Release|TwinCAT RT (x86)
		{23378F3D-BD6E-4F7D-9ACF-A7044F1BD06A}.Release|TwinCAT UM (x64).ActiveCfg = Release|TwinCAT UM (x64)
		{23378F3D-BD6E-4F7D-9ACF-A7044F1BD06A}.Release|TwinCAT UM (x64).Build.0 = Release|TwinCAT UM (x64)
		{23378F3D-BD6E-4F7D-9ACF-A7044F1BD06A}.Release|TwinCAT UM (x86).ActiveCfg = Release|TwinCAT UM (x86)
		{23378F3D-BD6E-4F7D-9ACF-A7044F1BD06A}.Release|TwinCAT UM (x86).Build.0 = Release|TwinCAT UM (x86)
	EndGlobalSection
	GlobalSection(SolutionProperties) = preSolution
		HideSolutionNode = FALSE
	EndGlobalSection
	GlobalSection(ExtensibilityGlobals) = postSolution
		SolutionGuid = {57F88192-AAF0-438F-BB43-5CCBEDEE9938}
	EndGlobalSection
EndGlobal
