<?xml version="1.0" encoding="utf-8"?>
<Project ToolsVersion="4.0" xmlns="http://schemas.microsoft.com/developer/msbuild/2003">
  <ItemGroup>
    <Filter Include="Header Files">
      <UniqueIdentifier>{193deacf-0401-4486-ac59-3c0ed7d789bb}</UniqueIdentifier>
    </Filter>
    <Filter Include="Source Files">
      <UniqueIdentifier>{2f6a6d8d-04d2-412d-81c2-eb65d8b0be43}</UniqueIdentifier>
    </Filter>
    <Filter Include="TwinCAT UM Files">
      <UniqueIdentifier>{6e586cf4-1ace-44e1-aee0-9b445d732f39}</UniqueIdentifier>
    </Filter>
    <Filter Include="TwinCAT RT Files">
      <UniqueIdentifier>{8ef676b8-a43f-4830-bddb-3a22255543a8}</UniqueIdentifier>
    </Filter>
    <Filter Include="TwinCAT OS Files">
      <UniqueIdentifier>{c2e034a5-187d-46ed-9791-31206fbd0f85}</UniqueIdentifier>
    </Filter>
    <Filter Include="TMC Files">
      <UniqueIdentifier>{448037cd-05a4-4752-8137-909fdf62f7ae}</UniqueIdentifier>
    </Filter>
  </ItemGroup>
  <ItemGroup>
    <ClInclude Include="Resource.h">
      <Filter>TwinCAT UM Files</Filter>
    </ClInclude>
    <ClInclude Include="TcPch.h">
      <Filter>Header Files</Filter>
    </ClInclude>
    <ClInclude Include="ExampleClassFactory.h">
      <Filter>Header Files</Filter>
    </ClInclude>
    <ClInclude Include="ExampleInterfaces.h">
      <Filter>Header Files</Filter>
    </ClInclude>
    <ClInclude Include="ExampleServices.h">
      <Filter>Header Files</Filter>
    </ClInclude>
    <ClInclude Include="ExampleCtrl.h">
      <Filter>TwinCAT UM Files</Filter>
    </ClInclude>
    <ClInclude Include="ExampleDriver.h">
      <Filter>TwinCAT RT Files</Filter>
    </ClInclude>
    <ClInclude Include="Example.h">
      <Filter>Header Files</Filter>
    </ClInclude>
    <ClInclude Include="ruckigExamples.h">
      <Filter>Header Files</Filter>
    </ClInclude>
    <ClInclude Include="eg01.h">
      <Filter>Source Files</Filter>
    </ClInclude>
    <ClInclude Include="eg05.h">
      <Filter>Source Files</Filter>
    </ClInclude>
  </ItemGroup>
  <ItemGroup>
    <ClCompile Include="TcPch.cpp">
      <Filter>Source Files</Filter>
    </ClCompile>
    <ClCompile Include="ExampleClassFactory.cpp">
      <Filter>Source Files</Filter>
    </ClCompile>
    <ClCompile Include="ExampleCtrl.cpp">
      <Filter>TwinCAT UM Files</Filter>
    </ClCompile>
    <ClCompile Include="ExampleW32.cpp">
      <Filter>TwinCAT UM Files</Filter>
    </ClCompile>
    <ClCompile Include="ExampleDriver.cpp">
      <Filter>TwinCAT RT Files</Filter>
    </ClCompile>
    <ClCompile Include="ExampleMain.cpp">
      <Filter>TwinCAT OS Files</Filter>
    </ClCompile>
    <ClCompile Include="Example.cpp">
      <Filter>Source Files</Filter>
    </ClCompile>
  </ItemGroup>
  <ItemGroup>
    <ResourceCompile Include="Example.rc">
      <Filter>Source Files</Filter>
    </ResourceCompile>
    <ResourceCompile Include="ExampleW32.rc">
      <Filter>TwinCAT UM Files</Filter>
    </ResourceCompile>
  </ItemGroup>
  <ItemGroup>
    <None Include="ExampleW32.def">
      <Filter>TwinCAT UM Files</Filter>
    </None>
    <None Include="Example.tmc">
      <Filter>TMC Files</Filter>
    </None>
  </ItemGroup>
  <ItemGroup>
    <Midl Include="ExampleW32.idl">
      <Filter>TwinCAT UM Files</Filter>
    </Midl>
  </ItemGroup>
</Project>